
Microsoft Visual Studio Solution File, Format Version 12.00
# Visual Studio Version 17
VisualStudioVersion = 17.6.33712.159
MinimumVisualStudioVersion = 10.0.40219.1
Project("{FAE04EC0-301F-11D3-BF4B-00C04F79EFBC}") = "Lesson", "Lesson\Lesson.csproj", "{17B510C9-D093-419E-8307-83B66F088D8C}"
EndProject
Global
	GlobalSection(SolutionConfigurationPlatforms) = preSolution
		Debug|Any CPU = Debug|Any CPU
		Release|Any CPU = Release|Any CPU
	EndGlobalSection
	GlobalSection(ProjectConfigurationPlatforms) = postSolution
		{17B510C9-D093-419E-8307-83B66F088D8C}.Debug|Any CPU.ActiveCfg = Debug|Any CPU
		{17B510C9-D093-419E-8307-83B66F088D8C}.Debug|Any CPU.Build.0 = Debug|Any CPU
		{17B510C9-D093-419E-8307-83B66F088D8C}.Release|Any CPU.ActiveCfg = Release|Any CPU
		{17B510C9-D093-419E-8307-83B66F088D8C}.Release|Any CPU.Build.0 = Release|Any CPU
	EndGlobalSection
	GlobalSection(SolutionProperties) = preSolution
		HideSolutionNode = FALSE
	EndGlobalSection
	GlobalSection(ExtensibilityGlobals) = postSolution
		SolutionGuid = {D7D4C86F-0D41-42A9-AD27-E3F9101BF039}
	EndGlobalSection
EndGlobal
